
Microsoft Visual Studio Solution File, Format Version 12.00
# Visual Studio Version 16
VisualStudioVersion = 16.0.30611.23
MinimumVisualStudioVersion = 10.0.40219.1
Project("{FAE04EC0-301F-11D3-BF4B-00C04F79EFBC}") = "Param", "Param.csproj", "{791F26FF-1DBE-4D5A-8953-14120D7EF414}"
EndProject
Global
	GlobalSection(SolutionConfigurationPlatforms) = preSolution
		Debug|Any CPU = Debug|Any CPU
		Release|Any CPU = Release|Any CPU
	EndGlobalSection
	GlobalSection(ProjectConfigurationPlatforms) = postSolution
		{791F26FF-1DBE-4D5A-8953-14120D7EF414}.Debug|Any CPU.ActiveCfg = Debug|Any CPU
		{791F26FF-1DBE-4D5A-8953-14120D7EF414}.Debug|Any CPU.Build.0 = Debug|Any CPU
		{791F26FF-1DBE-4D5A-8953-14120D7EF414}.Release|Any CPU.ActiveCfg = Release|Any CPU
		{791F26FF-1DBE-4D5A-8953-14120D7EF414}.Release|Any CPU.Build.0 = Release|Any CPU
	EndGlobalSection
	GlobalSection(SolutionProperties) = preSolution
		HideSolutionNode = FALSE
	EndGlobalSection
	GlobalSection(ExtensibilityGlobals) = postSolution
		SolutionGuid = {1C2ECF4A-AD6D-4F0C-8171-6E741EEA6EAC}
	EndGlobalSection
EndGlobal
